
Microsoft Visual Studio Solution File, Format Version 12.00
# Visual Studio Version 16
VisualStudioVersion = 16.0.33214.272
MinimumVisualStudioVersion = 10.0.40219.1
Project("{9A19103F-16F7-4668-BE54-9A1E7A4F7556}") = "MailNoticeStd2Lib", "MailNoticeStd2Lib\MailNoticeStd2Lib.csproj", "{99F0A1A9-4247-46B5-AC90-D29F96F181E6}"
EndProject
Global
	GlobalSection(SolutionConfigurationPlatforms) = preSolution
		Debug|Any CPU = Debug|Any CPU
		Release|Any CPU = Release|Any CPU
	EndGlobalSection
	GlobalSection(ProjectConfigurationPlatforms) = postSolution
		{99F0A1A9-4247-46B5-AC90-D29F96F181E6}.Debug|Any CPU.ActiveCfg = Debug|Any CPU
		{99F0A1A9-4247-46B5-AC90-D29F96F181E6}.Debug|Any CPU.Build.0 = Debug|Any CPU
		{99F0A1A9-4247-46B5-AC90-D29F96F181E6}.Release|Any CPU.ActiveCfg = Release|Any CPU
		{99F0A1A9-4247-46B5-AC90-D29F96F181E6}.Release|Any CPU.Build.0 = Release|Any CPU
	EndGlobalSection
	GlobalSection(SolutionProperties) = preSolution
		HideSolutionNode = FALSE
	EndGlobalSection
	GlobalSection(ExtensibilityGlobals) = postSolution
		SolutionGuid = {567EC457-BC16-4226-BD08-38457F9C497B}
	EndGlobalSection
EndGlobal
